// !$*UTF8*$!
{
	archiveVersion = 1;
	classes = {
	};
	objectVersion = 51;
	objects = {

/* Begin PBXBuildFile section */
		0CE709002384FC8700AEEA50 /* AppDelegate.swift in Sources */ = {isa = PBXBuildFile; fileRef = 0CE708FF2384FC8700AEEA50 /* AppDelegate.swift */; };
		0CE709022384FC8700AEEA50 /* SceneDelegate.swift in Sources */ = {isa = PBXBuildFile; fileRef = 0CE709012384FC8700AEEA50 /* SceneDelegate.swift */; };
		0CE709092384FC8800AEEA50 /* Assets.xcassets in Resources */ = {isa = PBXBuildFile; fileRef = 0CE709082384FC8800AEEA50 /* Assets.xcassets */; };
		0CE7090C2384FC8800AEEA50 /* LaunchScreen.storyboard in Resources */ = {isa = PBXBuildFile; fileRef = 0CE7090A2384FC8800AEEA50 /* LaunchScreen.storyboard */; };
		0CE709172385010300AEEA50 /* Main.storyboard in Resources */ = {isa = PBXBuildFile; fileRef = 0CE709162385010300AEEA50 /* Main.storyboard */; };
		0CE709192385014500AEEA50 /* LoginViewController.swift in Sources */ = {isa = PBXBuildFile; fileRef = 0CE709182385014500AEEA50 /* LoginViewController.swift */; };
		0CE709362385780700AEEA50 /* Services.swift in Sources */ = {isa = PBXBuildFile; fileRef = 0CE709352385780700AEEA50 /* Services.swift */; };
		0CE7093923857F2500AEEA50 /* IndicatorView.swift in Sources */ = {isa = PBXBuildFile; fileRef = 0CE7093823857F2500AEEA50 /* IndicatorView.swift */; };
		0CE7093D2385807500AEEA50 /* IndicatorView.xib in Resources */ = {isa = PBXBuildFile; fileRef = 0CE7093C2385807500AEEA50 /* IndicatorView.xib */; };
		0CE7093F238581DA00AEEA50 /* ShowAlertController.swift in Sources */ = {isa = PBXBuildFile; fileRef = 0CE7093E238581DA00AEEA50 /* ShowAlertController.swift */; };
		0CE709412385842900AEEA50 /* ErrorResponseModel.swift in Sources */ = {isa = PBXBuildFile; fileRef = 0CE709402385842900AEEA50 /* ErrorResponseModel.swift */; };
		0CE709452385B2D000AEEA50 /* FeedsViewController.swift in Sources */ = {isa = PBXBuildFile; fileRef = 0CE709442385B2D000AEEA50 /* FeedsViewController.swift */; };
		0CE709472385B2F600AEEA50 /* MyQuestionsViewController.swift in Sources */ = {isa = PBXBuildFile; fileRef = 0CE709462385B2F600AEEA50 /* MyQuestionsViewController.swift */; };
		0CE7094B2385B40F00AEEA50 /* HomeViewController.swift in Sources */ = {isa = PBXBuildFile; fileRef = 0CE7094A2385B40F00AEEA50 /* HomeViewController.swift */; };
		0CE7094D2385C34200AEEA50 /* ContentViewController.swift in Sources */ = {isa = PBXBuildFile; fileRef = 0CE7094C2385C34200AEEA50 /* ContentViewController.swift */; };
		0CE709522385C99A00AEEA50 /* FeedsTableView.storyboard in Resources */ = {isa = PBXBuildFile; fileRef = 0CE709512385C99A00AEEA50 /* FeedsTableView.storyboard */; };
		0CE709542385CA4F00AEEA50 /* Product.swift in Sources */ = {isa = PBXBuildFile; fileRef = 0CE709532385CA4F00AEEA50 /* Product.swift */; };
		0CE709592385CF0700AEEA50 /* FeedsTableViewCell.swift in Sources */ = {isa = PBXBuildFile; fileRef = 0CE709572385CF0700AEEA50 /* FeedsTableViewCell.swift */; };
		0CE7095A2385CF0700AEEA50 /* FeedsTableViewCell.xib in Resources */ = {isa = PBXBuildFile; fileRef = 0CE709582385CF0700AEEA50 /* FeedsTableViewCell.xib */; };
		0CE7095C2385DA7100AEEA50 /* ServicesApi.swift in Sources */ = {isa = PBXBuildFile; fileRef = 0CE7095B2385DA7100AEEA50 /* ServicesApi.swift */; };
		0CE7095F2385DB0300AEEA50 /* AppConstant.swift in Sources */ = {isa = PBXBuildFile; fileRef = 0CE7095E2385DB0300AEEA50 /* AppConstant.swift */; };
		0CE709622385DCB900AEEA50 /* AllQuestionResponse.swift in Sources */ = {isa = PBXBuildFile; fileRef = 0CE709612385DCB900AEEA50 /* AllQuestionResponse.swift */; };
		0CE709642385E91300AEEA50 /* Parameters.swift in Sources */ = {isa = PBXBuildFile; fileRef = 0CE709632385E91300AEEA50 /* Parameters.swift */; };
		0CE709662385F67200AEEA50 /* Items.swift in Sources */ = {isa = PBXBuildFile; fileRef = 0CE709652385F67200AEEA50 /* Items.swift */; };
		0CE709682385F85800AEEA50 /* Tags.swift in Sources */ = {isa = PBXBuildFile; fileRef = 0CE709672385F85800AEEA50 /* Tags.swift */; };
		76A27369FB68857CA66EA44E /* Pods_QubeStackClient.framework in Frameworks */ = {isa = PBXBuildFile; fileRef = 35565D322915E0266FF95FF2 /* Pods_QubeStackClient.framework */; };
/* End PBXBuildFile section */

/* Begin PBXFileReference section */
		0CE708FC2384FC8700AEEA50 /* QubeStackClient.app */ = {isa = PBXFileReference; explicitFileType = wrapper.application; includeInIndex = 0; path = QubeStackClient.app; sourceTree = BUILT_PRODUCTS_DIR; };
		0CE708FF2384FC8700AEEA50 /* AppDelegate.swift */ = {isa = PBXFileReference; lastKnownFileType = sourcecode.swift; path = AppDelegate.swift; sourceTree = "<group>"; };
		0CE709012384FC8700AEEA50 /* SceneDelegate.swift */ = {isa = PBXFileReference; lastKnownFileType = sourcecode.swift; path = SceneDelegate.swift; sourceTree = "<group>"; };
		0CE709082384FC8800AEEA50 /* Assets.xcassets */ = {isa = PBXFileReference; lastKnownFileType = folder.assetcatalog; path = Assets.xcassets; sourceTree = "<group>"; };
		0CE7090B2384FC8800AEEA50 /* Base */ = {isa = PBXFileReference; lastKnownFileType = file.storyboard; name = Base; path = Base.lproj/LaunchScreen.storyboard; sourceTree = "<group>"; };
		0CE7090D2384FC8800AEEA50 /* Info.plist */ = {isa = PBXFileReference; lastKnownFileType = text.plist.xml; path = Info.plist; sourceTree = "<group>"; };
		0CE709162385010300AEEA50 /* Main.storyboard */ = {isa = PBXFileReference; lastKnownFileType = file.storyboard; path = Main.storyboard; sourceTree = "<group>"; };
		0CE709182385014500AEEA50 /* LoginViewController.swift */ = {isa = PBXFileReference; lastKnownFileType = sourcecode.swift; path = LoginViewController.swift; sourceTree = "<group>"; };
		0CE709352385780700AEEA50 /* Services.swift */ = {isa = PBXFileReference; lastKnownFileType = sourcecode.swift; path = Services.swift; sourceTree = "<group>"; };
		0CE7093823857F2500AEEA50 /* IndicatorView.swift */ = {isa = PBXFileReference; lastKnownFileType = sourcecode.swift; path = IndicatorView.swift; sourceTree = "<group>"; };
		0CE7093C2385807500AEEA50 /* IndicatorView.xib */ = {isa = PBXFileReference; fileEncoding = 4; lastKnownFileType = file.xib; name = IndicatorView.xib; path = "../../../HipBar-The-Drinks-App-iOS/HipBar/IndicatorView/IndicatorView.xib"; sourceTree = "<group>"; };
		0CE7093E238581DA00AEEA50 /* ShowAlertController.swift */ = {isa = PBXFileReference; fileEncoding = 4; lastKnownFileType = sourcecode.swift; name = ShowAlertController.swift; path = "../../../HipBar-The-Drinks-App-iOS/HipBar/ShowAlertController.swift"; sourceTree = "<group>"; };
		0CE709402385842900AEEA50 /* ErrorResponseModel.swift */ = {isa = PBXFileReference; fileEncoding = 4; lastKnownFileType = sourcecode.swift; name = ErrorResponseModel.swift; path = "../../../HipBar-The-Drinks-App-iOS/HipBar/ErrorResponseModel.swift"; sourceTree = "<group>"; };
		0CE709442385B2D000AEEA50 /* FeedsViewController.swift */ = {isa = PBXFileReference; lastKnownFileType = sourcecode.swift; path = FeedsViewController.swift; sourceTree = "<group>"; };
		0CE709462385B2F600AEEA50 /* MyQuestionsViewController.swift */ = {isa = PBXFileReference; lastKnownFileType = sourcecode.swift; path = MyQuestionsViewController.swift; sourceTree = "<group>"; };
		0CE7094A2385B40F00AEEA50 /* HomeViewController.swift */ = {isa = PBXFileReference; lastKnownFileType = sourcecode.swift; path = HomeViewController.swift; sourceTree = "<group>"; };
		0CE7094C2385C34200AEEA50 /* ContentViewController.swift */ = {isa = PBXFileReference; lastKnownFileType = sourcecode.swift; path = ContentViewController.swift; sourceTree = "<group>"; };
		0CE709512385C99A00AEEA50 /* FeedsTableView.storyboard */ = {isa = PBXFileReference; lastKnownFileType = file.storyboard; path = FeedsTableView.storyboard; sourceTree = "<group>"; };
		0CE709532385CA4F00AEEA50 /* Product.swift */ = {isa = PBXFileReference; lastKnownFileType = sourcecode.swift; path = Product.swift; sourceTree = "<group>"; };
		0CE709572385CF0700AEEA50 /* FeedsTableViewCell.swift */ = {isa = PBXFileReference; lastKnownFileType = sourcecode.swift; path = FeedsTableViewCell.swift; sourceTree = "<group>"; };
		0CE709582385CF0700AEEA50 /* FeedsTableViewCell.xib */ = {isa = PBXFileReference; lastKnownFileType = file.xib; path = FeedsTableViewCell.xib; sourceTree = "<group>"; };
		0CE7095B2385DA7100AEEA50 /* ServicesApi.swift */ = {isa = PBXFileReference; lastKnownFileType = sourcecode.swift; path = ServicesApi.swift; sourceTree = "<group>"; };
		0CE7095E2385DB0300AEEA50 /* AppConstant.swift */ = {isa = PBXFileReference; lastKnownFileType = sourcecode.swift; path = AppConstant.swift; sourceTree = "<group>"; };
		0CE709612385DCB900AEEA50 /* AllQuestionResponse.swift */ = {isa = PBXFileReference; lastKnownFileType = sourcecode.swift; path = AllQuestionResponse.swift; sourceTree = "<group>"; };
		0CE709632385E91300AEEA50 /* Parameters.swift */ = {isa = PBXFileReference; lastKnownFileType = sourcecode.swift; path = Parameters.swift; sourceTree = "<group>"; };
		0CE709652385F67200AEEA50 /* Items.swift */ = {isa = PBXFileReference; lastKnownFileType = sourcecode.swift; path = Items.swift; sourceTree = "<group>"; };
		0CE709672385F85800AEEA50 /* Tags.swift */ = {isa = PBXFileReference; lastKnownFileType = sourcecode.swift; path = Tags.swift; sourceTree = "<group>"; };
		35565D322915E0266FF95FF2 /* Pods_QubeStackClient.framework */ = {isa = PBXFileReference; explicitFileType = wrapper.framework; includeInIndex = 0; path = Pods_QubeStackClient.framework; sourceTree = BUILT_PRODUCTS_DIR; };
		6AB61573CE63E2E49B0FDB15 /* Pods-QubeStackClient.debug.xcconfig */ = {isa = PBXFileReference; includeInIndex = 1; lastKnownFileType = text.xcconfig; name = "Pods-QubeStackClient.debug.xcconfig"; path = "Target Support Files/Pods-QubeStackClient/Pods-QubeStackClient.debug.xcconfig"; sourceTree = "<group>"; };
		E141922449E8FF8FAA36F239 /* Pods-QubeStackClient.release.xcconfig */ = {isa = PBXFileReference; includeInIndex = 1; lastKnownFileType = text.xcconfig; name = "Pods-QubeStackClient.release.xcconfig"; path = "Target Support Files/Pods-QubeStackClient/Pods-QubeStackClient.release.xcconfig"; sourceTree = "<group>"; };
/* End PBXFileReference section */

/* Begin PBXFrameworksBuildPhase section */
		0CE708F92384FC8700AEEA50 /* Frameworks */ = {
			isa = PBXFrameworksBuildPhase;
			buildActionMask = 2147483647;
			files = (
				76A27369FB68857CA66EA44E /* Pods_QubeStackClient.framework in Frameworks */,
			);
			runOnlyForDeploymentPostprocessing = 0;
		};
/* End PBXFrameworksBuildPhase section */

/* Begin PBXGroup section */
		0CE708F32384FC8700AEEA50 = {
			isa = PBXGroup;
			children = (
				0CE708FE2384FC8700AEEA50 /* QubeStackClient */,
				0CE708FD2384FC8700AEEA50 /* Products */,
				81A85313DB356D007B9D00F9 /* Pods */,
				ABDC0837C5C8DF571DAF373E /* Frameworks */,
			);
			sourceTree = "<group>";
		};
		0CE708FD2384FC8700AEEA50 /* Products */ = {
			isa = PBXGroup;
			children = (
				0CE708FC2384FC8700AEEA50 /* QubeStackClient.app */,
			);
			name = Products;
			sourceTree = "<group>";
		};
		0CE708FE2384FC8700AEEA50 /* QubeStackClient */ = {
			isa = PBXGroup;
			children = (
				0CE709602385DC9A00AEEA50 /* Model */,
				0CE7095D2385DAF100AEEA50 /* AppConstant */,
				0CE7093723857F1000AEEA50 /* View */,
				0CE70934238577CE00AEEA50 /* Services */,
				0CE709152385004000AEEA50 /* Storyboards */,
				0CE709142384FFFF00AEEA50 /* Viewcontoller */,
				0CE708FF2384FC8700AEEA50 /* AppDelegate.swift */,
				0CE709012384FC8700AEEA50 /* SceneDelegate.swift */,
				0CE709082384FC8800AEEA50 /* Assets.xcassets */,
				0CE7090A2384FC8800AEEA50 /* LaunchScreen.storyboard */,
				0CE7090D2384FC8800AEEA50 /* Info.plist */,
			);
			path = QubeStackClient;
			sourceTree = "<group>";
		};
		0CE709142384FFFF00AEEA50 /* Viewcontoller */ = {
			isa = PBXGroup;
			children = (
				0CE709182385014500AEEA50 /* LoginViewController.swift */,
				0CE709442385B2D000AEEA50 /* FeedsViewController.swift */,
				0CE709462385B2F600AEEA50 /* MyQuestionsViewController.swift */,
				0CE7094A2385B40F00AEEA50 /* HomeViewController.swift */,
				0CE7094C2385C34200AEEA50 /* ContentViewController.swift */,
				0CE709532385CA4F00AEEA50 /* Product.swift */,
			);
			path = Viewcontoller;
			sourceTree = "<group>";
		};
		0CE709152385004000AEEA50 /* Storyboards */ = {
			isa = PBXGroup;
			children = (
				0CE709162385010300AEEA50 /* Main.storyboard */,
				0CE709512385C99A00AEEA50 /* FeedsTableView.storyboard */,
			);
			path = Storyboards;
			sourceTree = "<group>";
		};
		0CE70934238577CE00AEEA50 /* Services */ = {
			isa = PBXGroup;
			children = (
				0CE709352385780700AEEA50 /* Services.swift */,
				0CE7095B2385DA7100AEEA50 /* ServicesApi.swift */,
				0CE709632385E91300AEEA50 /* Parameters.swift */,
			);
			path = Services;
			sourceTree = "<group>";
		};
		0CE7093723857F1000AEEA50 /* View */ = {
			isa = PBXGroup;
			children = (
				0CE7093E238581DA00AEEA50 /* ShowAlertController.swift */,
				0CE7093823857F2500AEEA50 /* IndicatorView.swift */,
				0CE709402385842900AEEA50 /* ErrorResponseModel.swift */,
				0CE7093C2385807500AEEA50 /* IndicatorView.xib */,
				0CE709572385CF0700AEEA50 /* FeedsTableViewCell.swift */,
				0CE709582385CF0700AEEA50 /* FeedsTableViewCell.xib */,
			);
			path = View;
			sourceTree = "<group>";
		};
		0CE7095D2385DAF100AEEA50 /* AppConstant */ = {
			isa = PBXGroup;
			children = (
				0CE7095E2385DB0300AEEA50 /* AppConstant.swift */,
			);
			path = AppConstant;
			sourceTree = "<group>";
		};
		0CE709602385DC9A00AEEA50 /* Model */ = {
			isa = PBXGroup;
			children = (
				0CE709612385DCB900AEEA50 /* AllQuestionResponse.swift */,
				0CE709652385F67200AEEA50 /* Items.swift */,
				0CE709672385F85800AEEA50 /* Tags.swift */,
			);
			path = Model;
			sourceTree = "<group>";
		};
		81A85313DB356D007B9D00F9 /* Pods */ = {
			isa = PBXGroup;
			children = (
				6AB61573CE63E2E49B0FDB15 /* Pods-QubeStackClient.debug.xcconfig */,
				E141922449E8FF8FAA36F239 /* Pods-QubeStackClient.release.xcconfig */,
			);
			path = Pods;
			sourceTree = "<group>";
		};
		ABDC0837C5C8DF571DAF373E /* Frameworks */ = {
			isa = PBXGroup;
			children = (
				35565D322915E0266FF95FF2 /* Pods_QubeStackClient.framework */,
			);
			name = Frameworks;
			sourceTree = "<group>";
		};
/* End PBXGroup section */

/* Begin PBXNativeTarget section */
		0CE708FB2384FC8700AEEA50 /* QubeStackClient */ = {
			isa = PBXNativeTarget;
			buildConfigurationList = 0CE709102384FC8800AEEA50 /* Build configuration list for PBXNativeTarget "QubeStackClient" */;
			buildPhases = (
				EA0EA0DEDB110E768D11E8AF /* [CP] Check Pods Manifest.lock */,
				0CE708F82384FC8700AEEA50 /* Sources */,
				0CE708F92384FC8700AEEA50 /* Frameworks */,
				0CE708FA2384FC8700AEEA50 /* Resources */,
				C070B931B4D16D94EA8DEB22 /* [CP] Embed Pods Frameworks */,
			);
			buildRules = (
			);
			dependencies = (
			);
			name = QubeStackClient;
			productName = QubeStackClient;
			productReference = 0CE708FC2384FC8700AEEA50 /* QubeStackClient.app */;
			productType = "com.apple.product-type.application";
		};
/* End PBXNativeTarget section */

/* Begin PBXProject section */
		0CE708F42384FC8700AEEA50 /* Project object */ = {
			isa = PBXProject;
			attributes = {
				LastSwiftUpdateCheck = 1120;
				LastUpgradeCheck = 1120;
				ORGANIZATIONNAME = Qube;
				TargetAttributes = {
					0CE708FB2384FC8700AEEA50 = {
						CreatedOnToolsVersion = 11.2.1;
					};
				};
			};
			buildConfigurationList = 0CE708F72384FC8700AEEA50 /* Build configuration list for PBXProject "QubeStackClient" */;
			compatibilityVersion = "Xcode 9.3";
			developmentRegion = en;
			hasScannedForEncodings = 0;
			knownRegions = (
				en,
				Base,
			);
			mainGroup = 0CE708F32384FC8700AEEA50;
			productRefGroup = 0CE708FD2384FC8700AEEA50 /* Products */;
			projectDirPath = "";
			projectRoot = "";
			targets = (
				0CE708FB2384FC8700AEEA50 /* QubeStackClient */,
			);
		};
/* End PBXProject section */

/* Begin PBXResourcesBuildPhase section */
		0CE708FA2384FC8700AEEA50 /* Resources */ = {
			isa = PBXResourcesBuildPhase;
			buildActionMask = 2147483647;
			files = (
				0CE709172385010300AEEA50 /* Main.storyboard in Resources */,
				0CE7090C2384FC8800AEEA50 /* LaunchScreen.storyboard in Resources */,
				0CE7093D2385807500AEEA50 /* IndicatorView.xib in Resources */,
				0CE709522385C99A00AEEA50 /* FeedsTableView.storyboard in Resources */,
				0CE709092384FC8800AEEA50 /* Assets.xcassets in Resources */,
				0CE7095A2385CF0700AEEA50 /* FeedsTableViewCell.xib in Resources */,
			);
			runOnlyForDeploymentPostprocessing = 0;
		};
/* End PBXResourcesBuildPhase section */

/* Begin PBXShellScriptBuildPhase section */
		C070B931B4D16D94EA8DEB22 /* [CP] Embed Pods Frameworks */ = {
			isa = PBXShellScriptBuildPhase;
			buildActionMask = 2147483647;
			files = (
			);
			inputFileListPaths = (
				"${PODS_ROOT}/Target Support Files/Pods-QubeStackClient/Pods-QubeStackClient-frameworks-${CONFIGURATION}-input-files.xcfilelist",
			);
			name = "[CP] Embed Pods Frameworks";
			outputFileListPaths = (
				"${PODS_ROOT}/Target Support Files/Pods-QubeStackClient/Pods-QubeStackClient-frameworks-${CONFIGURATION}-output-files.xcfilelist",
			);
			runOnlyForDeploymentPostprocessing = 0;
			shellPath = /bin/sh;
			shellScript = "\"${PODS_ROOT}/Target Support Files/Pods-QubeStackClient/Pods-QubeStackClient-frameworks.sh\"\n";
			showEnvVarsInLog = 0;
		};
		EA0EA0DEDB110E768D11E8AF /* [CP] Check Pods Manifest.lock */ = {
			isa = PBXShellScriptBuildPhase;
			buildActionMask = 2147483647;
			files = (
			);
			inputFileListPaths = (
			);
			inputPaths = (
				"${PODS_PODFILE_DIR_PATH}/Podfile.lock",
				"${PODS_ROOT}/Manifest.lock",
			);
			name = "[CP] Check Pods Manifest.lock";
			outputFileListPaths = (
			);
			outputPaths = (
				"$(DERIVED_FILE_DIR)/Pods-QubeStackClient-checkManifestLockResult.txt",
			);
			runOnlyForDeploymentPostprocessing = 0;
			shellPath = /bin/sh;
			shellScript = "diff \"${PODS_PODFILE_DIR_PATH}/Podfile.lock\" \"${PODS_ROOT}/Manifest.lock\" > /dev/null\nif [ $? != 0 ] ; then\n    # print error to STDERR\n    echo \"error: The sandbox is not in sync with the Podfile.lock. Run 'pod install' or update your CocoaPods installation.\" >&2\n    exit 1\nfi\n# This output is used by Xcode 'outputs' to avoid re-running this script phase.\necho \"SUCCESS\" > \"${SCRIPT_OUTPUT_FILE_0}\"\n";
			showEnvVarsInLog = 0;
		};
/* End PBXShellScriptBuildPhase section */

/* Begin PBXSourcesBuildPhase section */
		0CE708F82384FC8700AEEA50 /* Sources */ = {
			isa = PBXSourcesBuildPhase;
			buildActionMask = 2147483647;
			files = (
				0CE709472385B2F600AEEA50 /* MyQuestionsViewController.swift in Sources */,
				0CE709192385014500AEEA50 /* LoginViewController.swift in Sources */,
				0CE7094D2385C34200AEEA50 /* ContentViewController.swift in Sources */,
				0CE709452385B2D000AEEA50 /* FeedsViewController.swift in Sources */,
				0CE709662385F67200AEEA50 /* Items.swift in Sources */,
				0CE709682385F85800AEEA50 /* Tags.swift in Sources */,
				0CE709622385DCB900AEEA50 /* AllQuestionResponse.swift in Sources */,
				0CE709002384FC8700AEEA50 /* AppDelegate.swift in Sources */,
				0CE709542385CA4F00AEEA50 /* Product.swift in Sources */,
				0CE7095F2385DB0300AEEA50 /* AppConstant.swift in Sources */,
				0CE709642385E91300AEEA50 /* Parameters.swift in Sources */,
				0CE7093923857F2500AEEA50 /* IndicatorView.swift in Sources */,
				0CE709412385842900AEEA50 /* ErrorResponseModel.swift in Sources */,
				0CE7093F238581DA00AEEA50 /* ShowAlertController.swift in Sources */,
				0CE709362385780700AEEA50 /* Services.swift in Sources */,
				0CE7095C2385DA7100AEEA50 /* ServicesApi.swift in Sources */,
				0CE7094B2385B40F00AEEA50 /* HomeViewController.swift in Sources */,
				0CE709022384FC8700AEEA50 /* SceneDelegate.swift in Sources */,
				0CE709592385CF0700AEEA50 /* FeedsTableViewCell.swift in Sources */,
			);
			runOnlyForDeploymentPostprocessing = 0;
		};
/* End PBXSourcesBuildPhase section */

/* Begin PBXVariantGroup section */
		0CE7090A2384FC8800AEEA50 /* LaunchScreen.storyboard */ = {
			isa = PBXVariantGroup;
			children = (
				0CE7090B2384FC8800AEEA50 /* Base */,
			);
			name = LaunchScreen.storyboard;
			sourceTree = "<group>";
		};
/* End PBXVariantGroup section */

/* Begin XCBuildConfiguration section */
		0CE7090E2384FC8800AEEA50 /* Debug */ = {
			isa = XCBuildConfiguration;
			buildSettings = {
				ALWAYS_SEARCH_USER_PATHS = NO;
				CLANG_ANALYZER_NONNULL = YES;
				CLANG_ANALYZER_NUMBER_OBJECT_CONVERSION = YES_AGGRESSIVE;
				CLANG_CXX_LANGUAGE_STANDARD = "gnu++14";
				CLANG_CXX_LIBRARY = "libc++";
				CLANG_ENABLE_MODULES = YES;
				CLANG_ENABLE_OBJC_ARC = YES;
				CLANG_ENABLE_OBJC_WEAK = YES;
				CLANG_WARN_BLOCK_CAPTURE_AUTORELEASING = YES;
				CLANG_WARN_BOOL_CONVERSION = YES;
				CLANG_WARN_COMMA = YES;
				CLANG_WARN_CONSTANT_CONVERSION = YES;
				CLANG_WARN_DEPRECATED_OBJC_IMPLEMENTATIONS = YES;
				CLANG_WARN_DIRECT_OBJC_ISA_USAGE = YES_ERROR;
				CLANG_WARN_DOCUMENTATION_COMMENTS = YES;
				CLANG_WARN_EMPTY_BODY = YES;
				CLANG_WARN_ENUM_CONVERSION = YES;
				CLANG_WARN_INFINITE_RECURSION = YES;
				CLANG_WARN_INT_CONVERSION = YES;
				CLANG_WARN_NON_LITERAL_NULL_CONVERSION = YES;
				CLANG_WARN_OBJC_IMPLICIT_RETAIN_SELF = YES;
				CLANG_WARN_OBJC_LITERAL_CONVERSION = YES;
				CLANG_WARN_OBJC_ROOT_CLASS = YES_ERROR;
				CLANG_WARN_RANGE_LOOP_ANALYSIS = YES;
				CLANG_WARN_STRICT_PROTOTYPES = YES;
				CLANG_WARN_SUSPICIOUS_MOVE = YES;
				CLANG_WARN_UNGUARDED_AVAILABILITY = YES_AGGRESSIVE;
				CLANG_WARN_UNREACHABLE_CODE = YES;
				CLANG_WARN__DUPLICATE_METHOD_MATCH = YES;
				COPY_PHASE_STRIP = NO;
				DEBUG_INFORMATION_FORMAT = dwarf;
				ENABLE_STRICT_OBJC_MSGSEND = YES;
				ENABLE_TESTABILITY = YES;
				GCC_C_LANGUAGE_STANDARD = gnu11;
				GCC_DYNAMIC_NO_PIC = NO;
				GCC_NO_COMMON_BLOCKS = YES;
				GCC_OPTIMIZATION_LEVEL = 0;
				GCC_PREPROCESSOR_DEFINITIONS = (
					"DEBUG=1",
					"$(inherited)",
				);
				GCC_WARN_64_TO_32_BIT_CONVERSION = YES;
				GCC_WARN_ABOUT_RETURN_TYPE = YES_ERROR;
				GCC_WARN_UNDECLARED_SELECTOR = YES;
				GCC_WARN_UNINITIALIZED_AUTOS = YES_AGGRESSIVE;
				GCC_WARN_UNUSED_FUNCTION = YES;
				GCC_WARN_UNUSED_VARIABLE = YES;
				IPHONEOS_DEPLOYMENT_TARGET = 13.2;
				MTL_ENABLE_DEBUG_INFO = INCLUDE_SOURCE;
				MTL_FAST_MATH = YES;
				ONLY_ACTIVE_ARCH = YES;
				SDKROOT = iphoneos;
				SWIFT_ACTIVE_COMPILATION_CONDITIONS = DEBUG;
				SWIFT_OPTIMIZATION_LEVEL = "-Onone";
			};
			name = Debug;
		};
		0CE7090F2384FC8800AEEA50 /* Release */ = {
			isa = XCBuildConfiguration;
			buildSettings = {
				ALWAYS_SEARCH_USER_PATHS = NO;
				CLANG_ANALYZER_NONNULL = YES;
				CLANG_ANALYZER_NUMBER_OBJECT_CONVERSION = YES_AGGRESSIVE;
				CLANG_CXX_LANGUAGE_STANDARD = "gnu++14";
				CLANG_CXX_LIBRARY = "libc++";
				CLANG_ENABLE_MODULES = YES;
				CLANG_ENABLE_OBJC_ARC = YES;
				CLANG_ENABLE_OBJC_WEAK = YES;
				CLANG_WARN_BLOCK_CAPTURE_AUTORELEASING = YES;
				CLANG_WARN_BOOL_CONVERSION = YES;
				CLANG_WARN_COMMA = YES;
				CLANG_WARN_CONSTANT_CONVERSION = YES;
				CLANG_WARN_DEPRECATED_OBJC_IMPLEMENTATIONS = YES;
				CLANG_WARN_DIRECT_OBJC_ISA_USAGE = YES_ERROR;
				CLANG_WARN_DOCUMENTATION_COMMENTS = YES;
				CLANG_WARN_EMPTY_BODY = YES;
				CLANG_WARN_ENUM_CONVERSION = YES;
				CLANG_WARN_INFINITE_RECURSION = YES;
				CLANG_WARN_INT_CONVERSION = YES;
				CLANG_WARN_NON_LITERAL_NULL_CONVERSION = YES;
				CLANG_WARN_OBJC_IMPLICIT_RETAIN_SELF = YES;
				CLANG_WARN_OBJC_LITERAL_CONVERSION = YES;
				CLANG_WARN_OBJC_ROOT_CLASS = YES_ERROR;
				CLANG_WARN_RANGE_LOOP_ANALYSIS = YES;
				CLANG_WARN_STRICT_PROTOTYPES = YES;
				CLANG_WARN_SUSPICIOUS_MOVE = YES;
				CLANG_WARN_UNGUARDED_AVAILABILITY = YES_AGGRESSIVE;
				CLANG_WARN_UNREACHABLE_CODE = YES;
				CLANG_WARN__DUPLICATE_METHOD_MATCH = YES;
				COPY_PHASE_STRIP = NO;
				DEBUG_INFORMATION_FORMAT = "dwarf-with-dsym";
				ENABLE_NS_ASSERTIONS = NO;
				ENABLE_STRICT_OBJC_MSGSEND = YES;
				GCC_C_LANGUAGE_STANDARD = gnu11;
				GCC_NO_COMMON_BLOCKS = YES;
				GCC_WARN_64_TO_32_BIT_CONVERSION = YES;
				GCC_WARN_ABOUT_RETURN_TYPE = YES_ERROR;
				GCC_WARN_UNDECLARED_SELECTOR = YES;
				GCC_WARN_UNINITIALIZED_AUTOS = YES_AGGRESSIVE;
				GCC_WARN_UNUSED_FUNCTION = YES;
				GCC_WARN_UNUSED_VARIABLE = YES;
				IPHONEOS_DEPLOYMENT_TARGET = 13.2;
				MTL_ENABLE_DEBUG_INFO = NO;
				MTL_FAST_MATH = YES;
				SDKROOT = iphoneos;
				SWIFT_COMPILATION_MODE = wholemodule;
				SWIFT_OPTIMIZATION_LEVEL = "-O";
				VALIDATE_PRODUCT = YES;
			};
			name = Release;
		};
		0CE709112384FC8800AEEA50 /* Debug */ = {
			isa = XCBuildConfiguration;
			baseConfigurationReference = 6AB61573CE63E2E49B0FDB15 /* Pods-QubeStackClient.debug.xcconfig */;
			buildSettings = {
				ASSETCATALOG_COMPILER_APPICON_NAME = AppIcon;
				CODE_SIGN_STYLE = Automatic;
				INFOPLIST_FILE = QubeStackClient/Info.plist;
				LD_RUNPATH_SEARCH_PATHS = (
					"$(inherited)",
					"@executable_path/Frameworks",
				);
				PRODUCT_BUNDLE_IDENTIFIER = Qube.QubeStackClient;
				PRODUCT_NAME = "$(TARGET_NAME)";
				SWIFT_VERSION = 5.0;
				TARGETED_DEVICE_FAMILY = "1,2";
			};
			name = Debug;
		};
		0CE709122384FC8800AEEA50 /* Release */ = {
			isa = XCBuildConfiguration;
			baseConfigurationReference = E141922449E8FF8FAA36F239 /* Pods-QubeStackClient.release.xcconfig */;
			buildSettings = {
				ASSETCATALOG_COMPILER_APPICON_NAME = AppIcon;
				CODE_SIGN_STYLE = Automatic;
				INFOPLIST_FILE = QubeStackClient/Info.plist;
				LD_RUNPATH_SEARCH_PATHS = (
					"$(inherited)",
					"@executable_path/Frameworks",
				);
				PRODUCT_BUNDLE_IDENTIFIER = Qube.QubeStackClient;
				PRODUCT_NAME = "$(TARGET_NAME)";
				SWIFT_VERSION = 5.0;
				TARGETED_DEVICE_FAMILY = "1,2";
			};
			name = Release;
		};
/* End XCBuildConfiguration section */

/* Begin XCConfigurationList section */
		0CE708F72384FC8700AEEA50 /* Build configuration list for PBXProject "QubeStackClient" */ = {
			isa = XCConfigurationList;
			buildConfigurations = (
				0CE7090E2384FC8800AEEA50 /* Debug */,
				0CE7090F2384FC8800AEEA50 /* Release */,
			);
			defaultConfigurationIsVisible = 0;
			defaultConfigurationName = Release;
		};
		0CE709102384FC8800AEEA50 /* Build configuration list for PBXNativeTarget "QubeStackClient" */ = {
			isa = XCConfigurationList;
			buildConfigurations = (
				0CE709112384FC8800AEEA50 /* Debug */,
				0CE709122384FC8800AEEA50 /* Release */,
			);
			defaultConfigurationIsVisible = 0;
			defaultConfigurationName = Release;
		};
/* End XCConfigurationList section */
	};
	rootObject = 0CE708F42384FC8700AEEA50 /* Project object */;
}
